
Microsoft Visual Studio Solution File, Format Version 12.00
# Visual Studio Version 16
VisualStudioVersion = 16.0.29102.190
MinimumVisualStudioVersion = 10.0.40219.1
Project("{FAE04EC0-301F-11D3-BF4B-00C04F79EFBC}") = "Questionaire", "Questionaire.csproj", "{C9400137-5421-4322-A77C-34218659058B}"
EndProject
Global
	GlobalSection(SolutionConfigurationPlatforms) = preSolution
		Debug|Any CPU = Debug|Any CPU
		Release|Any CPU = Release|Any CPU
	EndGlobalSection
	GlobalSection(ProjectConfigurationPlatforms) = postSolution
		{C9400137-5421-4322-A77C-34218659058B}.Debug|Any CPU.ActiveCfg = Debug|Any CPU
		{C9400137-5421-4322-A77C-34218659058B}.Debug|Any CPU.Build.0 = Debug|Any CPU
		{C9400137-5421-4322-A77C-34218659058B}.Release|Any CPU.ActiveCfg = Release|Any CPU
		{C9400137-5421-4322-A77C-34218659058B}.Release|Any CPU.Build.0 = Release|Any CPU
	EndGlobalSection
	GlobalSection(SolutionProperties) = preSolution
		HideSolutionNode = FALSE
	EndGlobalSection
	GlobalSection(ExtensibilityGlobals) = postSolution
		SolutionGuid = {3026AAF9-E1E1-4BA5-94AB-5B0B5564F983}
	EndGlobalSection
EndGlobal
